
Microsoft Visual Studio Solution File, Format Version 12.00
# Visual Studio Version 17
VisualStudioVersion = 17.13.35931.197
MinimumVisualStudioVersion = 10.0.40219.1
Project("{FAE04EC0-301F-11D3-BF4B-00C04F79EFBC}") = "TaskManagementAPI", "TaskManagementAPI.csproj", "{58F27C82-C425-4774-864C-CD65EA1E9E5C}"
EndProject
Project("{FAE04EC0-301F-11D3-BF4B-00C04F79EFBC}") = "TaskManagementAPI.Tests", "..\TaskManagementAPI.Tests\TaskManagementAPI.Tests.csproj", "{1C8AB990-6546-41D1-81C0-3F3CBEA2B397}"
EndProject
Global
	GlobalSection(SolutionConfigurationPlatforms) = preSolution
		Debug|Any CPU = Debug|Any CPU
		Release|Any CPU = Release|Any CPU
	EndGlobalSection
	GlobalSection(ProjectConfigurationPlatforms) = postSolution
		{58F27C82-C425-4774-864C-CD65EA1E9E5C}.Debug|Any CPU.ActiveCfg = Debug|Any CPU
		{58F27C82-C425-4774-864C-CD65EA1E9E5C}.Debug|Any CPU.Build.0 = Debug|Any CPU
		{58F27C82-C425-4774-864C-CD65EA1E9E5C}.Release|Any CPU.ActiveCfg = Release|Any CPU
		{58F27C82-C425-4774-864C-CD65EA1E9E5C}.Release|Any CPU.Build.0 = Release|Any CPU
		{1C8AB990-6546-41D1-81C0-3F3CBEA2B397}.Debug|Any CPU.ActiveCfg = Debug|Any CPU
		{1C8AB990-6546-41D1-81C0-3F3CBEA2B397}.Debug|Any CPU.Build.0 = Debug|Any CPU
		{1C8AB990-6546-41D1-81C0-3F3CBEA2B397}.Release|Any CPU.ActiveCfg = Release|Any CPU
		{1C8AB990-6546-41D1-81C0-3F3CBEA2B397}.Release|Any CPU.Build.0 = Release|Any CPU
	EndGlobalSection
	GlobalSection(SolutionProperties) = preSolution
		HideSolutionNode = FALSE
	EndGlobalSection
	GlobalSection(ExtensibilityGlobals) = postSolution
		SolutionGuid = {A97486E4-28D0-4644-8DD5-C934BDFC0AD1}
	EndGlobalSection
EndGlobal
